// !$*UTF8*$!
{
	archiveVersion = 1;
	classes = {
	};
	objectVersion = 56;
	objects = {

/* Begin PBXBuildFile section */
		C4B242072BFAF08500539C87 /* appstore1024.png in Resources */ = {isa = PBXBuildFile; fileRef = C4B241EC2BFAF08500539C87 /* appstore1024.png */; };
		C4B242082BFAF08500539C87 /* Contents.json in Resources */ = {isa = PBXBuildFile; fileRef = C4B241ED2BFAF08500539C87 /* Contents.json */; };
		C4B242092BFAF08500539C87 /* ipad76.png in Resources */ = {isa = PBXBuildFile; fileRef = C4B241EE2BFAF08500539C87 /* ipad76.png */; };
		C4B2420A2BFAF08500539C87 /* ipad152.png in Resources */ = {isa = PBXBuildFile; fileRef = C4B241EF2BFAF08500539C87 /* ipad152.png */; };
		C4B2420B2BFAF08500539C87 /* ipadNotification20.png in Resources */ = {isa = PBXBuildFile; fileRef = C4B241F02BFAF08500539C87 /* ipadNotification20.png */; };
		C4B2420C2BFAF08500539C87 /* ipadNotification40.png in Resources */ = {isa = PBXBuildFile; fileRef = C4B241F12BFAF08500539C87 /* ipadNotification40.png */; };
		C4B2420D2BFAF08500539C87 /* ipadPro167.png in Resources */ = {isa = PBXBuildFile; fileRef = C4B241F22BFAF08500539C87 /* ipadPro167.png */; };
		C4B2420E2BFAF08500539C87 /* ipadSettings29.png in Resources */ = {isa = PBXBuildFile; fileRef = C4B241F32BFAF08500539C87 /* ipadSettings29.png */; };
		C4B2420F2BFAF08500539C87 /* ipadSettings58.png in Resources */ = {isa = PBXBuildFile; fileRef = C4B241F42BFAF08500539C87 /* ipadSettings58.png */; };
		C4B242102BFAF08500539C87 /* ipadSpotlight40.png in Resources */ = {isa = PBXBuildFile; fileRef = C4B241F52BFAF08500539C87 /* ipadSpotlight40.png */; };
		C4B242112BFAF08500539C87 /* ipadSpotlight80.png in Resources */ = {isa = PBXBuildFile; fileRef = C4B241F62BFAF08500539C87 /* ipadSpotlight80.png */; };
		C4B242122BFAF08500539C87 /* iphone120.png in Resources */ = {isa = PBXBuildFile; fileRef = C4B241F72BFAF08500539C87 /* iphone120.png */; };
		C4B242132BFAF08500539C87 /* iphone180.png in Resources */ = {isa = PBXBuildFile; fileRef = C4B241F82BFAF08500539C87 /* iphone180.png */; };
		C4B242142BFAF08500539C87 /* mac16.png in Resources */ = {isa = PBXBuildFile; fileRef = C4B241F92BFAF08500539C87 /* mac16.png */; };
		C4B242152BFAF08500539C87 /* mac32.png in Resources */ = {isa = PBXBuildFile; fileRef = C4B241FA2BFAF08500539C87 /* mac32.png */; };
		C4B242162BFAF08500539C87 /* mac64.png in Resources */ = {isa = PBXBuildFile; fileRef = C4B241FB2BFAF08500539C87 /* mac64.png */; };
		C4B242172BFAF08500539C87 /* mac128.png in Resources */ = {isa = PBXBuildFile; fileRef = C4B241FC2BFAF08500539C87 /* mac128.png */; };
		C4B242182BFAF08500539C87 /* mac256.png in Resources */ = {isa = PBXBuildFile; fileRef = C4B241FD2BFAF08500539C87 /* mac256.png */; };
		C4B242192BFAF08500539C87 /* mac512.png in Resources */ = {isa = PBXBuildFile; fileRef = C4B241FE2BFAF08500539C87 /* mac512.png */; };
		C4B2421A2BFAF08500539C87 /* mac1024.png in Resources */ = {isa = PBXBuildFile; fileRef = C4B241FF2BFAF08500539C87 /* mac1024.png */; };
		C4B2421B2BFAF08500539C87 /* notification40.png in Resources */ = {isa = PBXBuildFile; fileRef = C4B242002BFAF08500539C87 /* notification40.png */; };
		C4B2421C2BFAF08500539C87 /* notification60.png in Resources */ = {isa = PBXBuildFile; fileRef = C4B242012BFAF08500539C87 /* notification60.png */; };
		C4B2421D2BFAF08500539C87 /* settings58.png in Resources */ = {isa = PBXBuildFile; fileRef = C4B242022BFAF08500539C87 /* settings58.png */; };
		C4B2421E2BFAF08500539C87 /* settings87.png in Resources */ = {isa = PBXBuildFile; fileRef = C4B242032BFAF08500539C87 /* settings87.png */; };
		C4B2421F2BFAF08500539C87 /* spotlight80.png in Resources */ = {isa = PBXBuildFile; fileRef = C4B242042BFAF08500539C87 /* spotlight80.png */; };
		C4B242202BFAF08500539C87 /* spotlight120.png in Resources */ = {isa = PBXBuildFile; fileRef = C4B242052BFAF08500539C87 /* spotlight120.png */; };
		C4B3770A2BFAA7B200A1AD01 /* Assets.xcassets in Resources */ = {isa = PBXBuildFile; fileRef = C4B377092BFAA7B200A1AD01 /* Assets.xcassets */; };
		C4B3771D2BFAA88200A1AD01 /* AppDelegate.swift in Sources */ = {isa = PBXBuildFile; fileRef = C4B377142BFAA88200A1AD01 /* AppDelegate.swift */; };
		C4B3771F2BFAA88200A1AD01 /* SceneDelegate.swift in Sources */ = {isa = PBXBuildFile; fileRef = C4B377162BFAA88200A1AD01 /* SceneDelegate.swift */; };
		C4B377202BFAA88200A1AD01 /* ViewController.swift in Sources */ = {isa = PBXBuildFile; fileRef = C4B377172BFAA88200A1AD01 /* ViewController.swift */; };
		C4B377212BFAA88200A1AD01 /* WindowScene+resize.swift in Sources */ = {isa = PBXBuildFile; fileRef = C4B377182BFAA88200A1AD01 /* WindowScene+resize.swift */; };
/* End PBXBuildFile section */

/* Begin PBXFileReference section */
		C46B04202CC2DE610037F1A7 /* README.md */ = {isa = PBXFileReference; lastKnownFileType = net.daringfireball.markdown; path = README.md; sourceTree = "<group>"; };
		C46B04212CC2DF470037F1A7 /* VariableSizeWindowSceneUIKit.png */ = {isa = PBXFileReference; lastKnownFileType = image.png; path = VariableSizeWindowSceneUIKit.png; sourceTree = "<group>"; };
		C4B241EC2BFAF08500539C87 /* appstore1024.png */ = {isa = PBXFileReference; lastKnownFileType = image.png; path = appstore1024.png; sourceTree = "<group>"; };
		C4B241ED2BFAF08500539C87 /* Contents.json */ = {isa = PBXFileReference; fileEncoding = 4; lastKnownFileType = text.json; path = Contents.json; sourceTree = "<group>"; };
		C4B241EE2BFAF08500539C87 /* ipad76.png */ = {isa = PBXFileReference; lastKnownFileType = image.png; path = ipad76.png; sourceTree = "<group>"; };
		C4B241EF2BFAF08500539C87 /* ipad152.png */ = {isa = PBXFileReference; lastKnownFileType = image.png; path = ipad152.png; sourceTree = "<group>"; };
		C4B241F02BFAF08500539C87 /* ipadNotification20.png */ = {isa = PBXFileReference; lastKnownFileType = image.png; path = ipadNotification20.png; sourceTree = "<group>"; };
		C4B241F12BFAF08500539C87 /* ipadNotification40.png */ = {isa = PBXFileReference; lastKnownFileType = image.png; path = ipadNotification40.png; sourceTree = "<group>"; };
		C4B241F22BFAF08500539C87 /* ipadPro167.png */ = {isa = PBXFileReference; lastKnownFileType = image.png; path = ipadPro167.png; sourceTree = "<group>"; };
		C4B241F32BFAF08500539C87 /* ipadSettings29.png */ = {isa = PBXFileReference; lastKnownFileType = image.png; path = ipadSettings29.png; sourceTree = "<group>"; };
		C4B241F42BFAF08500539C87 /* ipadSettings58.png */ = {isa = PBXFileReference; lastKnownFileType = image.png; path = ipadSettings58.png; sourceTree = "<group>"; };
		C4B241F52BFAF08500539C87 /* ipadSpotlight40.png */ = {isa = PBXFileReference; lastKnownFileType = image.png; path = ipadSpotlight40.png; sourceTree = "<group>"; };
		C4B241F62BFAF08500539C87 /* ipadSpotlight80.png */ = {isa = PBXFileReference; lastKnownFileType = image.png; path = ipadSpotlight80.png; sourceTree = "<group>"; };
		C4B241F72BFAF08500539C87 /* iphone120.png */ = {isa = PBXFileReference; lastKnownFileType = image.png; path = iphone120.png; sourceTree = "<group>"; };
		C4B241F82BFAF08500539C87 /* iphone180.png */ = {isa = PBXFileReference; lastKnownFileType = image.png; path = iphone180.png; sourceTree = "<group>"; };
		C4B241F92BFAF08500539C87 /* mac16.png */ = {isa = PBXFileReference; lastKnownFileType = image.png; path = mac16.png; sourceTree = "<group>"; };
		C4B241FA2BFAF08500539C87 /* mac32.png */ = {isa = PBXFileReference; lastKnownFileType = image.png; path = mac32.png; sourceTree = "<group>"; };
		C4B241FB2BFAF08500539C87 /* mac64.png */ = {isa = PBXFileReference; lastKnownFileType = image.png; path = mac64.png; sourceTree = "<group>"; };
		C4B241FC2BFAF08500539C87 /* mac128.png */ = {isa = PBXFileReference; lastKnownFileType = image.png; path = mac128.png; sourceTree = "<group>"; };
		C4B241FD2BFAF08500539C87 /* mac256.png */ = {isa = PBXFileReference; lastKnownFileType = image.png; path = mac256.png; sourceTree = "<group>"; };
		C4B241FE2BFAF08500539C87 /* mac512.png */ = {isa = PBXFileReference; lastKnownFileType = image.png; path = mac512.png; sourceTree = "<group>"; };
		C4B241FF2BFAF08500539C87 /* mac1024.png */ = {isa = PBXFileReference; lastKnownFileType = image.png; path = mac1024.png; sourceTree = "<group>"; };
		C4B242002BFAF08500539C87 /* notification40.png */ = {isa = PBXFileReference; lastKnownFileType = image.png; path = notification40.png; sourceTree = "<group>"; };
		C4B242012BFAF08500539C87 /* notification60.png */ = {isa = PBXFileReference; lastKnownFileType = image.png; path = notification60.png; sourceTree = "<group>"; };
		C4B242022BFAF08500539C87 /* settings58.png */ = {isa = PBXFileReference; lastKnownFileType = image.png; path = settings58.png; sourceTree = "<group>"; };
		C4B242032BFAF08500539C87 /* settings87.png */ = {isa = PBXFileReference; lastKnownFileType = image.png; path = settings87.png; sourceTree = "<group>"; };
		C4B242042BFAF08500539C87 /* spotlight80.png */ = {isa = PBXFileReference; lastKnownFileType = image.png; path = spotlight80.png; sourceTree = "<group>"; };
		C4B242052BFAF08500539C87 /* spotlight120.png */ = {isa = PBXFileReference; lastKnownFileType = image.png; path = spotlight120.png; sourceTree = "<group>"; };
		C4B376FD2BFAA7B200A1AD01 /* VariableSizeWindowSceneUIKit.app */ = {isa = PBXFileReference; explicitFileType = wrapper.application; includeInIndex = 0; path = VariableSizeWindowSceneUIKit.app; sourceTree = BUILT_PRODUCTS_DIR; };
		C4B377092BFAA7B200A1AD01 /* Assets.xcassets */ = {isa = PBXFileReference; lastKnownFileType = folder.assetcatalog; path = Assets.xcassets; sourceTree = "<group>"; };
		C4B3770E2BFAA7B200A1AD01 /* Info.plist */ = {isa = PBXFileReference; lastKnownFileType = text.plist.xml; path = Info.plist; sourceTree = "<group>"; };
		C4B377142BFAA88200A1AD01 /* AppDelegate.swift */ = {isa = PBXFileReference; fileEncoding = 4; lastKnownFileType = sourcecode.swift; path = AppDelegate.swift; sourceTree = "<group>"; };
		C4B377162BFAA88200A1AD01 /* SceneDelegate.swift */ = {isa = PBXFileReference; fileEncoding = 4; lastKnownFileType = sourcecode.swift; path = SceneDelegate.swift; sourceTree = "<group>"; };
		C4B377172BFAA88200A1AD01 /* ViewController.swift */ = {isa = PBXFileReference; fileEncoding = 4; lastKnownFileType = sourcecode.swift; path = ViewController.swift; sourceTree = "<group>"; };
		C4B377182BFAA88200A1AD01 /* WindowScene+resize.swift */ = {isa = PBXFileReference; fileEncoding = 4; lastKnownFileType = sourcecode.swift; path = "WindowScene+resize.swift"; sourceTree = "<group>"; };
/* End PBXFileReference section */

/* Begin PBXFrameworksBuildPhase section */
		C4B376FA2BFAA7B200A1AD01 /* Frameworks */ = {
			isa = PBXFrameworksBuildPhase;
			buildActionMask = 2147483647;
			files = (
			);
			runOnlyForDeploymentPostprocessing = 0;
		};
/* End PBXFrameworksBuildPhase section */

/* Begin PBXGroup section */
		C4B242062BFAF08500539C87 /* AppIcon.appiconset */ = {
			isa = PBXGroup;
			children = (
				C4B241EC2BFAF08500539C87 /* appstore1024.png */,
				C4B241ED2BFAF08500539C87 /* Contents.json */,
				C4B241EE2BFAF08500539C87 /* ipad76.png */,
				C4B241EF2BFAF08500539C87 /* ipad152.png */,
				C4B241F02BFAF08500539C87 /* ipadNotification20.png */,
				C4B241F12BFAF08500539C87 /* ipadNotification40.png */,
				C4B241F22BFAF08500539C87 /* ipadPro167.png */,
				C4B241F32BFAF08500539C87 /* ipadSettings29.png */,
				C4B241F42BFAF08500539C87 /* ipadSettings58.png */,
				C4B241F52BFAF08500539C87 /* ipadSpotlight40.png */,
				C4B241F62BFAF08500539C87 /* ipadSpotlight80.png */,
				C4B241F72BFAF08500539C87 /* iphone120.png */,
				C4B241F82BFAF08500539C87 /* iphone180.png */,
				C4B241F92BFAF08500539C87 /* mac16.png */,
				C4B241FA2BFAF08500539C87 /* mac32.png */,
				C4B241FB2BFAF08500539C87 /* mac64.png */,
				C4B241FC2BFAF08500539C87 /* mac128.png */,
				C4B241FD2BFAF08500539C87 /* mac256.png */,
				C4B241FE2BFAF08500539C87 /* mac512.png */,
				C4B241FF2BFAF08500539C87 /* mac1024.png */,
				C4B242002BFAF08500539C87 /* notification40.png */,
				C4B242012BFAF08500539C87 /* notification60.png */,
				C4B242022BFAF08500539C87 /* settings58.png */,
				C4B242032BFAF08500539C87 /* settings87.png */,
				C4B242042BFAF08500539C87 /* spotlight80.png */,
				C4B242052BFAF08500539C87 /* spotlight120.png */,
			);
			path = AppIcon.appiconset;
			sourceTree = "<group>";
		};
		C4B376F42BFAA7B200A1AD01 = {
			isa = PBXGroup;
			children = (
				C46B04202CC2DE610037F1A7 /* README.md */,
				C46B04212CC2DF470037F1A7 /* VariableSizeWindowSceneUIKit.png */,
				C4B376FF2BFAA7B200A1AD01 /* VariableSizeWindowSceneUIKit */,
				C4B376FE2BFAA7B200A1AD01 /* Products */,
			);
			sourceTree = "<group>";
		};
		C4B376FE2BFAA7B200A1AD01 /* Products */ = {
			isa = PBXGroup;
			children = (
				C4B376FD2BFAA7B200A1AD01 /* VariableSizeWindowSceneUIKit.app */,
			);
			name = Products;
			sourceTree = "<group>";
		};
		C4B376FF2BFAA7B200A1AD01 /* VariableSizeWindowSceneUIKit */ = {
			isa = PBXGroup;
			children = (
				C4B377142BFAA88200A1AD01 /* AppDelegate.swift */,
				C4B377162BFAA88200A1AD01 /* SceneDelegate.swift */,
				C4B377172BFAA88200A1AD01 /* ViewController.swift */,
				C4B377182BFAA88200A1AD01 /* WindowScene+resize.swift */,
				C4B377092BFAA7B200A1AD01 /* Assets.xcassets */,
				C4B242062BFAF08500539C87 /* AppIcon.appiconset */,
				C4B3770E2BFAA7B200A1AD01 /* Info.plist */,
			);
			path = VariableSizeWindowSceneUIKit;
			sourceTree = "<group>";
		};
/* End PBXGroup section */

/* Begin PBXNativeTarget section */
		C4B376FC2BFAA7B200A1AD01 /* VariableSizeWindowSceneUIKit */ = {
			isa = PBXNativeTarget;
			buildConfigurationList = C4B377112BFAA7B200A1AD01 /* Build configuration list for PBXNativeTarget "VariableSizeWindowSceneUIKit" */;
			buildPhases = (
				C4B376F92BFAA7B200A1AD01 /* Sources */,
				C4B376FA2BFAA7B200A1AD01 /* Frameworks */,
				C4B376FB2BFAA7B200A1AD01 /* Resources */,
			);
			buildRules = (
			);
			dependencies = (
			);
			name = VariableSizeWindowSceneUIKit;
			productName = VariableSizeWindowSceneUIKit;
			productReference = C4B376FD2BFAA7B200A1AD01 /* VariableSizeWindowSceneUIKit.app */;
			productType = "com.apple.product-type.application";
		};
/* End PBXNativeTarget section */

/* Begin PBXProject section */
		C4B376F52BFAA7B200A1AD01 /* Project object */ = {
			isa = PBXProject;
			attributes = {
				BuildIndependentTargetsInParallel = 1;
				LastSwiftUpdateCheck = 1540;
				LastUpgradeCheck = 1540;
				TargetAttributes = {
					C4B376FC2BFAA7B200A1AD01 = {
						CreatedOnToolsVersion = 15.4;
					};
				};
			};
			buildConfigurationList = C4B376F82BFAA7B200A1AD01 /* Build configuration list for PBXProject "VariableSizeWindowSceneUIKit" */;
			compatibilityVersion = "Xcode 14.0";
			developmentRegion = en;
			hasScannedForEncodings = 0;
			knownRegions = (
				en,
				Base,
			);
			mainGroup = C4B376F42BFAA7B200A1AD01;
			productRefGroup = C4B376FE2BFAA7B200A1AD01 /* Products */;
			projectDirPath = "";
			projectRoot = "";
			targets = (
				C4B376FC2BFAA7B200A1AD01 /* VariableSizeWindowSceneUIKit */,
			);
		};
/* End PBXProject section */

/* Begin PBXResourcesBuildPhase section */
		C4B376FB2BFAA7B200A1AD01 /* Resources */ = {
			isa = PBXResourcesBuildPhase;
			buildActionMask = 2147483647;
			files = (
				C4B2420B2BFAF08500539C87 /* ipadNotification20.png in Resources */,
				C4B2421C2BFAF08500539C87 /* notification60.png in Resources */,
				C4B2420C2BFAF08500539C87 /* ipadNotification40.png in Resources */,
				C4B242192BFAF08500539C87 /* mac512.png in Resources */,
				C4B2421E2BFAF08500539C87 /* settings87.png in Resources */,
				C4B242152BFAF08500539C87 /* mac32.png in Resources */,
				C4B242132BFAF08500539C87 /* iphone180.png in Resources */,
				C4B242122BFAF08500539C87 /* iphone120.png in Resources */,
				C4B2421A2BFAF08500539C87 /* mac1024.png in Resources */,
				C4B242092BFAF08500539C87 /* ipad76.png in Resources */,
				C4B242162BFAF08500539C87 /* mac64.png in Resources */,
				C4B242172BFAF08500539C87 /* mac128.png in Resources */,
				C4B242072BFAF08500539C87 /* appstore1024.png in Resources */,
				C4B242142BFAF08500539C87 /* mac16.png in Resources */,
				C4B242202BFAF08500539C87 /* spotlight120.png in Resources */,
				C4B242102BFAF08500539C87 /* ipadSpotlight40.png in Resources */,
				C4B242182BFAF08500539C87 /* mac256.png in Resources */,
				C4B2421D2BFAF08500539C87 /* settings58.png in Resources */,
				C4B3770A2BFAA7B200A1AD01 /* Assets.xcassets in Resources */,
				C4B242112BFAF08500539C87 /* ipadSpotlight80.png in Resources */,
				C4B2420E2BFAF08500539C87 /* ipadSettings29.png in Resources */,
				C4B242082BFAF08500539C87 /* Contents.json in Resources */,
				C4B2421B2BFAF08500539C87 /* notification40.png in Resources */,
				C4B2421F2BFAF08500539C87 /* spotlight80.png in Resources */,
				C4B2420F2BFAF08500539C87 /* ipadSettings58.png in Resources */,
				C4B2420D2BFAF08500539C87 /* ipadPro167.png in Resources */,
				C4B2420A2BFAF08500539C87 /* ipad152.png in Resources */,
			);
			runOnlyForDeploymentPostprocessing = 0;
		};
/* End PBXResourcesBuildPhase section */

/* Begin PBXSourcesBuildPhase section */
		C4B376F92BFAA7B200A1AD01 /* Sources */ = {
			isa = PBXSourcesBuildPhase;
			buildActionMask = 2147483647;
			files = (
				C4B3771D2BFAA88200A1AD01 /* AppDelegate.swift in Sources */,
				C4B377212BFAA88200A1AD01 /* WindowScene+resize.swift in Sources */,
				C4B377202BFAA88200A1AD01 /* ViewController.swift in Sources */,
				C4B3771F2BFAA88200A1AD01 /* SceneDelegate.swift in Sources */,
			);
			runOnlyForDeploymentPostprocessing = 0;
		};
/* End PBXSourcesBuildPhase section */

/* Begin XCBuildConfiguration section */
		C4B3770F2BFAA7B200A1AD01 /* Debug */ = {
			isa = XCBuildConfiguration;
			buildSettings = {
				ALWAYS_SEARCH_USER_PATHS = NO;
				ASSETCATALOG_COMPILER_GENERATE_SWIFT_ASSET_SYMBOL_EXTENSIONS = YES;
				ASSETCATALOG_COMPILER_INCLUDE_ALL_APPICON_ASSETS = YES;
				CLANG_ANALYZER_NONNULL = YES;
				CLANG_ANALYZER_NUMBER_OBJECT_CONVERSION = YES_AGGRESSIVE;
				CLANG_CXX_LANGUAGE_STANDARD = "gnu++20";
				CLANG_ENABLE_MODULES = YES;
				CLANG_ENABLE_OBJC_ARC = YES;
				CLANG_ENABLE_OBJC_WEAK = YES;
				CLANG_WARN_BLOCK_CAPTURE_AUTORELEASING = YES;
				CLANG_WARN_BOOL_CONVERSION = YES;
				CLANG_WARN_COMMA = YES;
				CLANG_WARN_CONSTANT_CONVERSION = YES;
				CLANG_WARN_DEPRECATED_OBJC_IMPLEMENTATIONS = YES;
				CLANG_WARN_DIRECT_OBJC_ISA_USAGE = YES_ERROR;
				CLANG_WARN_DOCUMENTATION_COMMENTS = YES;
				CLANG_WARN_EMPTY_BODY = YES;
				CLANG_WARN_ENUM_CONVERSION = YES;
				CLANG_WARN_INFINITE_RECURSION = YES;
				CLANG_WARN_INT_CONVERSION = YES;
				CLANG_WARN_NON_LITERAL_NULL_CONVERSION = YES;
				CLANG_WARN_OBJC_IMPLICIT_RETAIN_SELF = YES;
				CLANG_WARN_OBJC_LITERAL_CONVERSION = YES;
				CLANG_WARN_OBJC_ROOT_CLASS = YES_ERROR;
				CLANG_WARN_QUOTED_INCLUDE_IN_FRAMEWORK_HEADER = YES;
				CLANG_WARN_RANGE_LOOP_ANALYSIS = YES;
				CLANG_WARN_STRICT_PROTOTYPES = YES;
				CLANG_WARN_SUSPICIOUS_MOVE = YES;
				CLANG_WARN_UNGUARDED_AVAILABILITY = YES_AGGRESSIVE;
				CLANG_WARN_UNREACHABLE_CODE = YES;
				CLANG_WARN__DUPLICATE_METHOD_MATCH = YES;
				"CODE_SIGN_IDENTITY[sdk=iphoneos*]" = "iPhone Developer";
				COPY_PHASE_STRIP = NO;
				DEBUG_INFORMATION_FORMAT = dwarf;
				ENABLE_STRICT_OBJC_MSGSEND = YES;
				ENABLE_TESTABILITY = YES;
				ENABLE_USER_SCRIPT_SANDBOXING = NO;
				GCC_C_LANGUAGE_STANDARD = gnu17;
				GCC_DYNAMIC_NO_PIC = NO;
				GCC_NO_COMMON_BLOCKS = YES;
				GCC_OPTIMIZATION_LEVEL = 0;
				GCC_PREPROCESSOR_DEFINITIONS = (
					"DEBUG=1",
					"$(inherited)",
				);
				GCC_WARN_64_TO_32_BIT_CONVERSION = YES;
				GCC_WARN_ABOUT_RETURN_TYPE = YES_ERROR;
				GCC_WARN_UNDECLARED_SELECTOR = YES;
				GCC_WARN_UNINITIALIZED_AUTOS = YES_AGGRESSIVE;
				GCC_WARN_UNUSED_FUNCTION = YES;
				GCC_WARN_UNUSED_VARIABLE = YES;
				LOCALIZATION_PREFERS_STRING_CATALOGS = YES;
				MTL_ENABLE_DEBUG_INFO = INCLUDE_SOURCE;
				MTL_FAST_MATH = YES;
				ONLY_ACTIVE_ARCH = YES;
				SWIFT_VERSION = 5.0;
			};
			name = Debug;
		};
		C4B377102BFAA7B200A1AD01 /* Release */ = {
			isa = XCBuildConfiguration;
			buildSettings = {
				ALWAYS_SEARCH_USER_PATHS = NO;
				ASSETCATALOG_COMPILER_GENERATE_SWIFT_ASSET_SYMBOL_EXTENSIONS = YES;
				ASSETCATALOG_COMPILER_INCLUDE_ALL_APPICON_ASSETS = YES;
				CLANG_ANALYZER_NONNULL = YES;
				CLANG_ANALYZER_NUMBER_OBJECT_CONVERSION = YES_AGGRESSIVE;
				CLANG_CXX_LANGUAGE_STANDARD = "gnu++20";
				CLANG_ENABLE_MODULES = YES;
				CLANG_ENABLE_OBJC_ARC = YES;
				CLANG_ENABLE_OBJC_WEAK = YES;
				CLANG_WARN_BLOCK_CAPTURE_AUTORELEASING = YES;
				CLANG_WARN_BOOL_CONVERSION = YES;
				CLANG_WARN_COMMA = YES;
				CLANG_WARN_CONSTANT_CONVERSION = YES;
				CLANG_WARN_DEPRECATED_OBJC_IMPLEMENTATIONS = YES;
				CLANG_WARN_DIRECT_OBJC_ISA_USAGE = YES_ERROR;
				CLANG_WARN_DOCUMENTATION_COMMENTS = YES;
				CLANG_WARN_EMPTY_BODY = YES;
				CLANG_WARN_ENUM_CONVERSION = YES;
				CLANG_WARN_INFINITE_RECURSION = YES;
				CLANG_WARN_INT_CONVERSION = YES;
				CLANG_WARN_NON_LITERAL_NULL_CONVERSION = YES;
				CLANG_WARN_OBJC_IMPLICIT_RETAIN_SELF = YES;
				CLANG_WARN_OBJC_LITERAL_CONVERSION = YES;
				CLANG_WARN_OBJC_ROOT_CLASS = YES_ERROR;
				CLANG_WARN_QUOTED_INCLUDE_IN_FRAMEWORK_HEADER = YES;
				CLANG_WARN_RANGE_LOOP_ANALYSIS = YES;
				CLANG_WARN_STRICT_PROTOTYPES = YES;
				CLANG_WARN_SUSPICIOUS_MOVE = YES;
				CLANG_WARN_UNGUARDED_AVAILABILITY = YES_AGGRESSIVE;
				CLANG_WARN_UNREACHABLE_CODE = YES;
				CLANG_WARN__DUPLICATE_METHOD_MATCH = YES;
				"CODE_SIGN_IDENTITY[sdk=iphoneos*]" = "iPhone Developer";
				COPY_PHASE_STRIP = NO;
				DEBUG_INFORMATION_FORMAT = "dwarf-with-dsym";
				ENABLE_NS_ASSERTIONS = NO;
				ENABLE_STRICT_OBJC_MSGSEND = YES;
				ENABLE_USER_SCRIPT_SANDBOXING = NO;
				GCC_C_LANGUAGE_STANDARD = gnu17;
				GCC_NO_COMMON_BLOCKS = YES;
				GCC_WARN_64_TO_32_BIT_CONVERSION = YES;
				GCC_WARN_ABOUT_RETURN_TYPE = YES_ERROR;
				GCC_WARN_UNDECLARED_SELECTOR = YES;
				GCC_WARN_UNINITIALIZED_AUTOS = YES_AGGRESSIVE;
				GCC_WARN_UNUSED_FUNCTION = YES;
				GCC_WARN_UNUSED_VARIABLE = YES;
				LOCALIZATION_PREFERS_STRING_CATALOGS = YES;
				MTL_ENABLE_DEBUG_INFO = NO;
				MTL_FAST_MATH = YES;
				SWIFT_VERSION = 5.0;
			};
			name = Release;
		};
		C4B377122BFAA7B200A1AD01 /* Debug */ = {
			isa = XCBuildConfiguration;
			buildSettings = {
				ASSETCATALOG_COMPILER_APPICON_NAME = AppIcon;
				CODE_SIGN_IDENTITY = "iPhone Developer";
				CODE_SIGN_STYLE = Automatic;
				CURRENT_PROJECT_VERSION = 1;
				DEVELOPMENT_TEAM = 8G7W6WCEM9;
				GENERATE_INFOPLIST_FILE = YES;
				INFOPLIST_FILE = "$(PRODUCT_NAME)/Info.plist";
				INFOPLIST_KEY_CFBundleDisplayName = "Variable Size Window Scene - UIKit";
				INFOPLIST_KEY_LSApplicationCategoryType = "public.app-category.developer-tools";
				INFOPLIST_KEY_UIApplicationSupportsIndirectInputEvents = YES;
				INFOPLIST_KEY_UILaunchStoryboardName = LaunchScreen;
				INFOPLIST_KEY_UISupportedInterfaceOrientations_iPad = "UIInterfaceOrientationPortrait UIInterfaceOrientationPortraitUpsideDown UIInterfaceOrientationLandscapeLeft UIInterfaceOrientationLandscapeRight";
				INFOPLIST_KEY_UISupportedInterfaceOrientations_iPhone = "UIInterfaceOrientationPortrait UIInterfaceOrientationLandscapeLeft UIInterfaceOrientationLandscapeRight";
				IPHONEOS_DEPLOYMENT_TARGET = 17.5;
				LD_RUNPATH_SEARCH_PATHS = (
					"$(inherited)",
					"@executable_path/Frameworks",
				);
				MARKETING_VERSION = 1.0;
				PRODUCT_BUNDLE_IDENTIFIER = net.cockleburr.VariableSizeWindowSceneUIKit;
				PRODUCT_NAME = VariableSizeWindowSceneUIKit;
				SDKROOT = iphoneos;
				SUPPORTED_PLATFORMS = "xros xrsimulator";
				SUPPORTS_MACCATALYST = NO;
				SUPPORTS_MAC_DESIGNED_FOR_IPHONE_IPAD = NO;
				SUPPORTS_XR_DESIGNED_FOR_IPHONE_IPAD = NO;
				SWIFT_EMIT_LOC_STRINGS = YES;
				TARGETED_DEVICE_FAMILY = "6,7";
				XROS_DEPLOYMENT_TARGET = 1.0;
			};
			name = Debug;
		};
		C4B377132BFAA7B200A1AD01 /* Release */ = {
			isa = XCBuildConfiguration;
			buildSettings = {
				ASSETCATALOG_COMPILER_APPICON_NAME = AppIcon;
				CODE_SIGN_IDENTITY = "iPhone Developer";
				CODE_SIGN_STYLE = Automatic;
				CURRENT_PROJECT_VERSION = 1;
				DEVELOPMENT_TEAM = 8G7W6WCEM9;
				GENERATE_INFOPLIST_FILE = YES;
				INFOPLIST_FILE = "$(PRODUCT_NAME)/Info.plist";
				INFOPLIST_KEY_CFBundleDisplayName = "Variable Size Window Scene - UIKit";
				INFOPLIST_KEY_LSApplicationCategoryType = "public.app-category.developer-tools";
				INFOPLIST_KEY_UIApplicationSupportsIndirectInputEvents = YES;
				INFOPLIST_KEY_UILaunchStoryboardName = LaunchScreen;
				INFOPLIST_KEY_UISupportedInterfaceOrientations_iPad = "UIInterfaceOrientationPortrait UIInterfaceOrientationPortraitUpsideDown UIInterfaceOrientationLandscapeLeft UIInterfaceOrientationLandscapeRight";
				INFOPLIST_KEY_UISupportedInterfaceOrientations_iPhone = "UIInterfaceOrientationPortrait UIInterfaceOrientationLandscapeLeft UIInterfaceOrientationLandscapeRight";
				IPHONEOS_DEPLOYMENT_TARGET = 17.5;
				LD_RUNPATH_SEARCH_PATHS = (
					"$(inherited)",
					"@executable_path/Frameworks",
				);
				MARKETING_VERSION = 1.0;
				PRODUCT_BUNDLE_IDENTIFIER = net.cockleburr.VariableSizeWindowSceneUIKit;
				PRODUCT_NAME = VariableSizeWindowSceneUIKit;
				SDKROOT = iphoneos;
				SUPPORTED_PLATFORMS = "xros xrsimulator";
				SUPPORTS_MACCATALYST = NO;
				SUPPORTS_MAC_DESIGNED_FOR_IPHONE_IPAD = NO;
				SUPPORTS_XR_DESIGNED_FOR_IPHONE_IPAD = NO;
				SWIFT_EMIT_LOC_STRINGS = YES;
				TARGETED_DEVICE_FAMILY = "6,7";
				VALIDATE_PRODUCT = YES;
				XROS_DEPLOYMENT_TARGET = 1.0;
			};
			name = Release;
		};
/* End XCBuildConfiguration section */

/* Begin XCConfigurationList section */
		C4B376F82BFAA7B200A1AD01 /* Build configuration list for PBXProject "VariableSizeWindowSceneUIKit" */ = {
			isa = XCConfigurationList;
			buildConfigurations = (
				C4B3770F2BFAA7B200A1AD01 /* Debug */,
				C4B377102BFAA7B200A1AD01 /* Release */,
			);
			defaultConfigurationIsVisible = 0;
			defaultConfigurationName = Release;
		};
		C4B377112BFAA7B200A1AD01 /* Build configuration list for PBXNativeTarget "VariableSizeWindowSceneUIKit" */ = {
			isa = XCConfigurationList;
			buildConfigurations = (
				C4B377122BFAA7B200A1AD01 /* Debug */,
				C4B377132BFAA7B200A1AD01 /* Release */,
			);
			defaultConfigurationIsVisible = 0;
			defaultConfigurationName = Release;
		};
/* End XCConfigurationList section */
	};
	rootObject = C4B376F52BFAA7B200A1AD01 /* Project object */;
}
